
Microsoft Visual Studio Solution File, Format Version 9.00
# Visual Studio 2005
Project("{8BC9CEB8-8B4A-11D0-8D11-00A0C91BC942}") = "MTK_PT", "MTK_PT\MTK_PT.vcproj", "{1340E8CF-246D-4639-8E35-4BCF86048F0F}"
EndProject
Global
	GlobalSection(SolutionConfigurationPlatforms) = preSolution
		Debug|Win32 = Debug|Win32
		Release|Win32 = Release|Win32
	EndGlobalSection
	GlobalSection(ProjectConfigurationPlatforms) = postSolution
		{1340E8CF-246D-4639-8E35-4BCF86048F0F}.Debug|Win32.ActiveCfg = Debug|Win32
		{1340E8CF-246D-4639-8E35-4BCF86048F0F}.Debug|Win32.Build.0 = Debug|Win32
		{1340E8CF-246D-4639-8E35-4BCF86048F0F}.Release|Win32.ActiveCfg = Release|Win32
		{1340E8CF-246D-4639-8E35-4BCF86048F0F}.Release|Win32.Build.0 = Release|Win32
	EndGlobalSection
	GlobalSection(SolutionProperties) = preSolution
		HideSolutionNode = FALSE
	EndGlobalSection
EndGlobal
