
Microsoft Visual Studio Solution File, Format Version 10.00
# Visual Studio 2008
Project("{FAE04EC0-301F-11D3-BF4B-00C04F79EFBC}") = "CellGameEdit", "CellGameEdit\CellGameEdit.csproj", "{944C393E-7A36-43B2-9767-13C8CC50BBDF}"
EndProject
Project("{FAE04EC0-301F-11D3-BF4B-00C04F79EFBC}") = "CellTools", "CellTools\CellTools.csproj", "{1402F6FD-8A89-4FC3-B3A1-92AF1D8A2EE0}"
EndProject
Project("{FAE04EC0-301F-11D3-BF4B-00C04F79EFBC}") = "EnumViewer", "EnumViewer\EnumViewer.csproj", "{A5310502-EBFA-42AD-8E1A-039EE525DDF9}"
EndProject
Project("{FAE04EC0-301F-11D3-BF4B-00C04F79EFBC}") = "CellGameOutput", "CellGameOutput\CellGameOutput.csproj", "{99F0BE10-B41B-455F-9C2F-A54B3B5C6179}"
EndProject
Project("{FAE04EC0-301F-11D3-BF4B-00C04F79EFBC}") = "CellCore", "CellCore\CellCore.csproj", "{65D87AE5-CF0A-4EF5-8FF4-CF5676BA7E92}"
EndProject
Project("{54435603-DBB4-11D2-8724-00A0C9A8B90C}") = "CellGameEditor Setup", "CellGameEditor Setup\CellGameEditor Setup.vdproj", "{9D82AC45-AE56-48A3-B28A-B0E8286556E6}"
EndProject
Global
	GlobalSection(SolutionConfigurationPlatforms) = preSolution
		Debug|Any CPU = Debug|Any CPU
		Debug|Mixed Platforms = Debug|Mixed Platforms
		Debug|Win32 = Debug|Win32
		Debug|x64 = Debug|x64
		Debug|x86 = Debug|x86
		Release|Any CPU = Release|Any CPU
		Release|Mixed Platforms = Release|Mixed Platforms
		Release|Win32 = Release|Win32
		Release|x64 = Release|x64
		Release|x86 = Release|x86
	EndGlobalSection
	GlobalSection(ProjectConfigurationPlatforms) = postSolution
		{944C393E-7A36-43B2-9767-13C8CC50BBDF}.Debug|Any CPU.ActiveCfg = Debug|Any CPU
		{944C393E-7A36-43B2-9767-13C8CC50BBDF}.Debug|Any CPU.Build.0 = Debug|Any CPU
		{944C393E-7A36-43B2-9767-13C8CC50BBDF}.Debug|Mixed Platforms.ActiveCfg = Debug|Any CPU
		{944C393E-7A36-43B2-9767-13C8CC50BBDF}.Debug|Mixed Platforms.Build.0 = Debug|Any CPU
		{944C393E-7A36-43B2-9767-13C8CC50BBDF}.Debug|Win32.ActiveCfg = Release|Any CPU
		{944C393E-7A36-43B2-9767-13C8CC50BBDF}.Debug|x64.ActiveCfg = Release|Any CPU
		{944C393E-7A36-43B2-9767-13C8CC50BBDF}.Debug|x64.Build.0 = Debug|x64
		{944C393E-7A36-43B2-9767-13C8CC50BBDF}.Debug|x86.ActiveCfg = Release|Any CPU
		{944C393E-7A36-43B2-9767-13C8CC50BBDF}.Release|Any CPU.ActiveCfg = Release|Any CPU
		{944C393E-7A36-43B2-9767-13C8CC50BBDF}.Release|Any CPU.Build.0 = Release|Any CPU
		{944C393E-7A36-43B2-9767-13C8CC50BBDF}.Release|Mixed Platforms.ActiveCfg = Release|Any CPU
		{944C393E-7A36-43B2-9767-13C8CC50BBDF}.Release|Mixed Platforms.Build.0 = Release|Any CPU
		{944C393E-7A36-43B2-9767-13C8CC50BBDF}.Release|Win32.ActiveCfg = Release|Any CPU
		{944C393E-7A36-43B2-9767-13C8CC50BBDF}.Release|x64.ActiveCfg = Release|Any CPU
		{944C393E-7A36-43B2-9767-13C8CC50BBDF}.Release|x64.Build.0 = Release|x64
		{944C393E-7A36-43B2-9767-13C8CC50BBDF}.Release|x86.ActiveCfg = Release|Any CPU
		{944C393E-7A36-43B2-9767-13C8CC50BBDF}.Release|x86.Build.0 = Release|Any CPU
		{1402F6FD-8A89-4FC3-B3A1-92AF1D8A2EE0}.Debug|Any CPU.ActiveCfg = Debug|Any CPU
		{1402F6FD-8A89-4FC3-B3A1-92AF1D8A2EE0}.Debug|Any CPU.Build.0 = Debug|Any CPU
		{1402F6FD-8A89-4FC3-B3A1-92AF1D8A2EE0}.Debug|Mixed Platforms.ActiveCfg = Debug|Any CPU
		{1402F6FD-8A89-4FC3-B3A1-92AF1D8A2EE0}.Debug|Mixed Platforms.Build.0 = Debug|Any CPU
		{1402F6FD-8A89-4FC3-B3A1-92AF1D8A2EE0}.Debug|Win32.ActiveCfg = Release|Any CPU
		{1402F6FD-8A89-4FC3-B3A1-92AF1D8A2EE0}.Debug|x64.ActiveCfg = Release|Any CPU
		{1402F6FD-8A89-4FC3-B3A1-92AF1D8A2EE0}.Debug|x64.Build.0 = Debug|x64
		{1402F6FD-8A89-4FC3-B3A1-92AF1D8A2EE0}.Debug|x86.ActiveCfg = Release|Any CPU
		{1402F6FD-8A89-4FC3-B3A1-92AF1D8A2EE0}.Release|Any CPU.ActiveCfg = Release|Any CPU
		{1402F6FD-8A89-4FC3-B3A1-92AF1D8A2EE0}.Release|Any CPU.Build.0 = Release|Any CPU
		{1402F6FD-8A89-4FC3-B3A1-92AF1D8A2EE0}.Release|Mixed Platforms.ActiveCfg = Release|Any CPU
		{1402F6FD-8A89-4FC3-B3A1-92AF1D8A2EE0}.Release|Mixed Platforms.Build.0 = Release|Any CPU
		{1402F6FD-8A89-4FC3-B3A1-92AF1D8A2EE0}.Release|Win32.ActiveCfg = Release|Any CPU
		{1402F6FD-8A89-4FC3-B3A1-92AF1D8A2EE0}.Release|x64.ActiveCfg = Release|Any CPU
		{1402F6FD-8A89-4FC3-B3A1-92AF1D8A2EE0}.Release|x64.Build.0 = Release|x64
		{1402F6FD-8A89-4FC3-B3A1-92AF1D8A2EE0}.Release|x86.ActiveCfg = Release|Any CPU
		{A5310502-EBFA-42AD-8E1A-039EE525DDF9}.Debug|Any CPU.ActiveCfg = Debug|Any CPU
		{A5310502-EBFA-42AD-8E1A-039EE525DDF9}.Debug|Any CPU.Build.0 = Debug|Any CPU
		{A5310502-EBFA-42AD-8E1A-039EE525DDF9}.Debug|Mixed Platforms.ActiveCfg = Debug|Any CPU
		{A5310502-EBFA-42AD-8E1A-039EE525DDF9}.Debug|Mixed Platforms.Build.0 = Debug|Any CPU
		{A5310502-EBFA-42AD-8E1A-039EE525DDF9}.Debug|Win32.ActiveCfg = Release|Any CPU
		{A5310502-EBFA-42AD-8E1A-039EE525DDF9}.Debug|x64.ActiveCfg = Release|Any CPU
		{A5310502-EBFA-42AD-8E1A-039EE525DDF9}.Debug|x64.Build.0 = Debug|x64
		{A5310502-EBFA-42AD-8E1A-039EE525DDF9}.Debug|x86.ActiveCfg = Release|Any CPU
		{A5310502-EBFA-42AD-8E1A-039EE525DDF9}.Release|Any CPU.ActiveCfg = Release|Any CPU
		{A5310502-EBFA-42AD-8E1A-039EE525DDF9}.Release|Any CPU.Build.0 = Release|Any CPU
		{A5310502-EBFA-42AD-8E1A-039EE525DDF9}.Release|Mixed Platforms.ActiveCfg = Release|Any CPU
		{A5310502-EBFA-42AD-8E1A-039EE525DDF9}.Release|Mixed Platforms.Build.0 = Release|Any CPU
		{A5310502-EBFA-42AD-8E1A-039EE525DDF9}.Release|Win32.ActiveCfg = Release|Any CPU
		{A5310502-EBFA-42AD-8E1A-039EE525DDF9}.Release|x64.ActiveCfg = Release|Any CPU
		{A5310502-EBFA-42AD-8E1A-039EE525DDF9}.Release|x64.Build.0 = Release|x64
		{A5310502-EBFA-42AD-8E1A-039EE525DDF9}.Release|x86.ActiveCfg = Release|Any CPU
		{99F0BE10-B41B-455F-9C2F-A54B3B5C6179}.Debug|Any CPU.ActiveCfg = Debug|Any CPU
		{99F0BE10-B41B-455F-9C2F-A54B3B5C6179}.Debug|Any CPU.Build.0 = Debug|Any CPU
		{99F0BE10-B41B-455F-9C2F-A54B3B5C6179}.Debug|Mixed Platforms.ActiveCfg = Debug|Any CPU
		{99F0BE10-B41B-455F-9C2F-A54B3B5C6179}.Debug|Mixed Platforms.Build.0 = Debug|Any CPU
		{99F0BE10-B41B-455F-9C2F-A54B3B5C6179}.Debug|Win32.ActiveCfg = Release|Any CPU
		{99F0BE10-B41B-455F-9C2F-A54B3B5C6179}.Debug|x64.ActiveCfg = Release|Any CPU
		{99F0BE10-B41B-455F-9C2F-A54B3B5C6179}.Debug|x64.Build.0 = Debug|x64
		{99F0BE10-B41B-455F-9C2F-A54B3B5C6179}.Debug|x86.ActiveCfg = Release|Any CPU
		{99F0BE10-B41B-455F-9C2F-A54B3B5C6179}.Release|Any CPU.ActiveCfg = Release|Any CPU
		{99F0BE10-B41B-455F-9C2F-A54B3B5C6179}.Release|Any CPU.Build.0 = Release|Any CPU
		{99F0BE10-B41B-455F-9C2F-A54B3B5C6179}.Release|Mixed Platforms.ActiveCfg = Release|Any CPU
		{99F0BE10-B41B-455F-9C2F-A54B3B5C6179}.Release|Mixed Platforms.Build.0 = Release|Any CPU
		{99F0BE10-B41B-455F-9C2F-A54B3B5C6179}.Release|Win32.ActiveCfg = Release|Any CPU
		{99F0BE10-B41B-455F-9C2F-A54B3B5C6179}.Release|x64.ActiveCfg = Release|Any CPU
		{99F0BE10-B41B-455F-9C2F-A54B3B5C6179}.Release|x64.Build.0 = Release|x64
		{99F0BE10-B41B-455F-9C2F-A54B3B5C6179}.Release|x86.ActiveCfg = Release|Any CPU
		{65D87AE5-CF0A-4EF5-8FF4-CF5676BA7E92}.Debug|Any CPU.ActiveCfg = Debug|Any CPU
		{65D87AE5-CF0A-4EF5-8FF4-CF5676BA7E92}.Debug|Any CPU.Build.0 = Debug|Any CPU
		{65D87AE5-CF0A-4EF5-8FF4-CF5676BA7E92}.Debug|Mixed Platforms.ActiveCfg = Debug|Any CPU
		{65D87AE5-CF0A-4EF5-8FF4-CF5676BA7E92}.Debug|Mixed Platforms.Build.0 = Debug|Any CPU
		{65D87AE5-CF0A-4EF5-8FF4-CF5676BA7E92}.Debug|Win32.ActiveCfg = Release|Any CPU
		{65D87AE5-CF0A-4EF5-8FF4-CF5676BA7E92}.Debug|x64.ActiveCfg = Release|Any CPU
		{65D87AE5-CF0A-4EF5-8FF4-CF5676BA7E92}.Debug|x64.Build.0 = Debug|x64
		{65D87AE5-CF0A-4EF5-8FF4-CF5676BA7E92}.Debug|x86.ActiveCfg = Release|Any CPU
		{65D87AE5-CF0A-4EF5-8FF4-CF5676BA7E92}.Release|Any CPU.ActiveCfg = Release|Any CPU
		{65D87AE5-CF0A-4EF5-8FF4-CF5676BA7E92}.Release|Any CPU.Build.0 = Release|Any CPU
		{65D87AE5-CF0A-4EF5-8FF4-CF5676BA7E92}.Release|Mixed Platforms.ActiveCfg = Release|Any CPU
		{65D87AE5-CF0A-4EF5-8FF4-CF5676BA7E92}.Release|Mixed Platforms.Build.0 = Release|Any CPU
		{65D87AE5-CF0A-4EF5-8FF4-CF5676BA7E92}.Release|Win32.ActiveCfg = Release|Any CPU
		{65D87AE5-CF0A-4EF5-8FF4-CF5676BA7E92}.Release|x64.ActiveCfg = Release|Any CPU
		{65D87AE5-CF0A-4EF5-8FF4-CF5676BA7E92}.Release|x64.Build.0 = Release|x64
		{65D87AE5-CF0A-4EF5-8FF4-CF5676BA7E92}.Release|x86.ActiveCfg = Release|Any CPU
		{9D82AC45-AE56-48A3-B28A-B0E8286556E6}.Debug|Any CPU.ActiveCfg = Debug
		{9D82AC45-AE56-48A3-B28A-B0E8286556E6}.Debug|Any CPU.Build.0 = Debug
		{9D82AC45-AE56-48A3-B28A-B0E8286556E6}.Debug|Mixed Platforms.ActiveCfg = Debug
		{9D82AC45-AE56-48A3-B28A-B0E8286556E6}.Debug|Mixed Platforms.Build.0 = Debug
		{9D82AC45-AE56-48A3-B28A-B0E8286556E6}.Debug|Win32.ActiveCfg = Debug
		{9D82AC45-AE56-48A3-B28A-B0E8286556E6}.Debug|Win32.Build.0 = Debug
		{9D82AC45-AE56-48A3-B28A-B0E8286556E6}.Debug|x64.ActiveCfg = Debug
		{9D82AC45-AE56-48A3-B28A-B0E8286556E6}.Debug|x64.Build.0 = Debug
		{9D82AC45-AE56-48A3-B28A-B0E8286556E6}.Debug|x86.ActiveCfg = Debug
		{9D82AC45-AE56-48A3-B28A-B0E8286556E6}.Debug|x86.Build.0 = Debug
		{9D82AC45-AE56-48A3-B28A-B0E8286556E6}.Release|Any CPU.ActiveCfg = Release
		{9D82AC45-AE56-48A3-B28A-B0E8286556E6}.Release|Any CPU.Build.0 = Release
		{9D82AC45-AE56-48A3-B28A-B0E8286556E6}.Release|Mixed Platforms.ActiveCfg = Release
		{9D82AC45-AE56-48A3-B28A-B0E8286556E6}.Release|Mixed Platforms.Build.0 = Release
		{9D82AC45-AE56-48A3-B28A-B0E8286556E6}.Release|Win32.ActiveCfg = Release
		{9D82AC45-AE56-48A3-B28A-B0E8286556E6}.Release|Win32.Build.0 = Release
		{9D82AC45-AE56-48A3-B28A-B0E8286556E6}.Release|x64.ActiveCfg = Release
		{9D82AC45-AE56-48A3-B28A-B0E8286556E6}.Release|x64.Build.0 = Release
		{9D82AC45-AE56-48A3-B28A-B0E8286556E6}.Release|x86.ActiveCfg = Release
		{9D82AC45-AE56-48A3-B28A-B0E8286556E6}.Release|x86.Build.0 = Release
	EndGlobalSection
	GlobalSection(SolutionProperties) = preSolution
		HideSolutionNode = FALSE
	EndGlobalSection
EndGlobal
